
Microsoft Visual Studio Solution File, Format Version 12.00
# Visual Studio 15
VisualStudioVersion = 15.0.28307.421
MinimumVisualStudioVersion = 10.0.40219.1
Project("{FAE04EC0-301F-11D3-BF4B-00C04F79EFBC}") = "ftqq", "ftqq\ftqq.csproj", "{A67C4535-3E76-4826-BD30-E941ABC39D06}"
EndProject
Global
	GlobalSection(SolutionConfigurationPlatforms) = preSolution
		Debug|Any CPU = Debug|Any CPU
		Release|Any CPU = Release|Any CPU
	EndGlobalSection
	GlobalSection(ProjectConfigurationPlatforms) = postSolution
		{A67C4535-3E76-4826-BD30-E941ABC39D06}.Debug|Any CPU.ActiveCfg = Debug|Any CPU
		{A67C4535-3E76-4826-BD30-E941ABC39D06}.Debug|Any CPU.Build.0 = Debug|Any CPU
		{A67C4535-3E76-4826-BD30-E941ABC39D06}.Release|Any CPU.ActiveCfg = Release|Any CPU
		{A67C4535-3E76-4826-BD30-E941ABC39D06}.Release|Any CPU.Build.0 = Release|Any CPU
	EndGlobalSection
	GlobalSection(SolutionProperties) = preSolution
		HideSolutionNode = FALSE
	EndGlobalSection
	GlobalSection(ExtensibilityGlobals) = postSolution
		SolutionGuid = {C93C3CC3-84B2-4E33-A3FF-E2B94DFAFE58}
	EndGlobalSection
EndGlobal
